
Microsoft Visual Studio Solution File, Format Version 12.00
# Visual Studio Version 16
VisualStudioVersion = 16.0.29509.3
MinimumVisualStudioVersion = 10.0.40219.1
Project("{FAE04EC0-301F-11D3-BF4B-00C04F79EFBC}") = "DynamicBinding", "DynamicBinding.csproj", "{D4950DFF-1C28-4AB3-A1AF-AA4BFEA4C2E7}"
EndProject
Global
	GlobalSection(SolutionConfigurationPlatforms) = preSolution
		Debug|Any CPU = Debug|Any CPU
		Release|Any CPU = Release|Any CPU
	EndGlobalSection
	GlobalSection(ProjectConfigurationPlatforms) = postSolution
		{D4950DFF-1C28-4AB3-A1AF-AA4BFEA4C2E7}.Debug|Any CPU.ActiveCfg = Debug|Any CPU
		{D4950DFF-1C28-4AB3-A1AF-AA4BFEA4C2E7}.Debug|Any CPU.Build.0 = Debug|Any CPU
		{D4950DFF-1C28-4AB3-A1AF-AA4BFEA4C2E7}.Release|Any CPU.ActiveCfg = Release|Any CPU
		{D4950DFF-1C28-4AB3-A1AF-AA4BFEA4C2E7}.Release|Any CPU.Build.0 = Release|Any CPU
	EndGlobalSection
	GlobalSection(SolutionProperties) = preSolution
		HideSolutionNode = FALSE
	EndGlobalSection
	GlobalSection(ExtensibilityGlobals) = postSolution
		SolutionGuid = {7BCC0EBE-03FE-4D1C-9D0E-48967FCBD1E4}
	EndGlobalSection
EndGlobal
